
Microsoft Visual Studio Solution File, Format Version 12.00
# Visual Studio Version 17
VisualStudioVersion = 17.11.35327.3
MinimumVisualStudioVersion = 10.0.40219.1
Project("{FAE04EC0-301F-11D3-BF4B-00C04F79EFBC}") = "MvcCv", "MvcCv\MvcCv.csproj", "{2907A99F-6510-4E7B-9CD8-CD3053637DCC}"
EndProject
Global
	GlobalSection(SolutionConfigurationPlatforms) = preSolution
		Debug|Any CPU = Debug|Any CPU
		Release|Any CPU = Release|Any CPU
	EndGlobalSection
	GlobalSection(ProjectConfigurationPlatforms) = postSolution
		{2907A99F-6510-4E7B-9CD8-CD3053637DCC}.Debug|Any CPU.ActiveCfg = Debug|Any CPU
		{2907A99F-6510-4E7B-9CD8-CD3053637DCC}.Debug|Any CPU.Build.0 = Debug|Any CPU
		{2907A99F-6510-4E7B-9CD8-CD3053637DCC}.Release|Any CPU.ActiveCfg = Release|Any CPU
		{2907A99F-6510-4E7B-9CD8-CD3053637DCC}.Release|Any CPU.Build.0 = Release|Any CPU
	EndGlobalSection
	GlobalSection(SolutionProperties) = preSolution
		HideSolutionNode = FALSE
	EndGlobalSection
	GlobalSection(ExtensibilityGlobals) = postSolution
		SolutionGuid = {FDEDF5E9-2002-4986-B270-C10117924E47}
	EndGlobalSection
EndGlobal
